
Microsoft Visual Studio Solution File, Format Version 12.00
# Visual Studio Version 16
VisualStudioVersion = 16.0.32002.261
MinimumVisualStudioVersion = 10.0.40219.1
Project("{8BC9CEB8-8B4A-11D0-8D11-00A0C91BC942}") = "lab14", "lab14\lab14.vcxproj", "{F8A502DA-F3FC-4350-95B7-AD4508C5F20D}"
EndProject
Global
	GlobalSection(SolutionConfigurationPlatforms) = preSolution
		Debug|x64 = Debug|x64
		Debug|x86 = Debug|x86
		Release|x64 = Release|x64
		Release|x86 = Release|x86
	EndGlobalSection
	GlobalSection(ProjectConfigurationPlatforms) = postSolution
		{F8A502DA-F3FC-4350-95B7-AD4508C5F20D}.Debug|x64.ActiveCfg = Debug|x64
		{F8A502DA-F3FC-4350-95B7-AD4508C5F20D}.Debug|x64.Build.0 = Debug|x64
		{F8A502DA-F3FC-4350-95B7-AD4508C5F20D}.Debug|x86.ActiveCfg = Debug|Win32
		{F8A502DA-F3FC-4350-95B7-AD4508C5F20D}.Debug|x86.Build.0 = Debug|Win32
		{F8A502DA-F3FC-4350-95B7-AD4508C5F20D}.Release|x64.ActiveCfg = Release|x64
		{F8A502DA-F3FC-4350-95B7-AD4508C5F20D}.Release|x64.Build.0 = Release|x64
		{F8A502DA-F3FC-4350-95B7-AD4508C5F20D}.Release|x86.ActiveCfg = Release|Win32
		{F8A502DA-F3FC-4350-95B7-AD4508C5F20D}.Release|x86.Build.0 = Release|Win32
	EndGlobalSection
	GlobalSection(SolutionProperties) = preSolution
		HideSolutionNode = FALSE
	EndGlobalSection
	GlobalSection(ExtensibilityGlobals) = postSolution
		SolutionGuid = {A16CA947-C0BD-4216-B87A-9CD5341010B4}
	EndGlobalSection
EndGlobal
